
Microsoft Visual Studio Solution File, Format Version 12.00
Project("{FAE04EC0-301F-11D3-BF4B-00C04F79EFBC}") = "RTF.WebAPI", "RTF.WebAPI\RTF.WebAPI.csproj", "{85039E4A-17BF-4F91-9171-44CAA6A76E03}"
EndProject
Project("{FAE04EC0-301F-11D3-BF4B-00C04F79EFBC}") = "RTF.Core", "RTF.Core\RTF.Core.csproj", "{1CB4BF36-13D2-4819-A95E-3CD86A4958F4}"
EndProject
Project("{FAE04EC0-301F-11D3-BF4B-00C04F79EFBC}") = "RFT.Services", "RFT.Services\RFT.Services.csproj", "{648F9AB3-5BED-4FF1-B3E2-068B14D3B326}"
EndProject
Project("{FAE04EC0-301F-11D3-BF4B-00C04F79EFBC}") = "RTF.AdminServices", "RTF.AdminServices\RTF.AdminServices.csproj", "{1A01AA14-9516-4573-8BBA-0F8130C11203}"
EndProject
Global
	GlobalSection(SolutionConfigurationPlatforms) = preSolution
		Debug|Any CPU = Debug|Any CPU
		Release|Any CPU = Release|Any CPU
	EndGlobalSection
	GlobalSection(ProjectConfigurationPlatforms) = postSolution
		{85039E4A-17BF-4F91-9171-44CAA6A76E03}.Debug|Any CPU.ActiveCfg = Debug|Any CPU
		{85039E4A-17BF-4F91-9171-44CAA6A76E03}.Debug|Any CPU.Build.0 = Debug|Any CPU
		{85039E4A-17BF-4F91-9171-44CAA6A76E03}.Release|Any CPU.ActiveCfg = Release|Any CPU
		{85039E4A-17BF-4F91-9171-44CAA6A76E03}.Release|Any CPU.Build.0 = Release|Any CPU
		{1CB4BF36-13D2-4819-A95E-3CD86A4958F4}.Debug|Any CPU.ActiveCfg = Debug|Any CPU
		{1CB4BF36-13D2-4819-A95E-3CD86A4958F4}.Debug|Any CPU.Build.0 = Debug|Any CPU
		{1CB4BF36-13D2-4819-A95E-3CD86A4958F4}.Release|Any CPU.ActiveCfg = Release|Any CPU
		{1CB4BF36-13D2-4819-A95E-3CD86A4958F4}.Release|Any CPU.Build.0 = Release|Any CPU
		{648F9AB3-5BED-4FF1-B3E2-068B14D3B326}.Debug|Any CPU.ActiveCfg = Debug|Any CPU
		{648F9AB3-5BED-4FF1-B3E2-068B14D3B326}.Debug|Any CPU.Build.0 = Debug|Any CPU
		{648F9AB3-5BED-4FF1-B3E2-068B14D3B326}.Release|Any CPU.ActiveCfg = Release|Any CPU
		{648F9AB3-5BED-4FF1-B3E2-068B14D3B326}.Release|Any CPU.Build.0 = Release|Any CPU
		{1A01AA14-9516-4573-8BBA-0F8130C11203}.Debug|Any CPU.ActiveCfg = Debug|Any CPU
		{1A01AA14-9516-4573-8BBA-0F8130C11203}.Debug|Any CPU.Build.0 = Debug|Any CPU
		{1A01AA14-9516-4573-8BBA-0F8130C11203}.Release|Any CPU.ActiveCfg = Release|Any CPU
		{1A01AA14-9516-4573-8BBA-0F8130C11203}.Release|Any CPU.Build.0 = Release|Any CPU
	EndGlobalSection
EndGlobal
